
Microsoft Visual Studio Solution File, Format Version 12.00
# Visual Studio Version 16
VisualStudioVersion = 16.0.32510.428
MinimumVisualStudioVersion = 10.0.40219.1
Project("{9A19103F-16F7-4668-BE54-9A1E7A4F7556}") = "Exercise02", "Exercise02.csproj", "{279CDC2A-A68F-4433-B5A9-E907E92693B2}"
EndProject
Global
	GlobalSection(SolutionConfigurationPlatforms) = preSolution
		Debug|Any CPU = Debug|Any CPU
		Release|Any CPU = Release|Any CPU
	EndGlobalSection
	GlobalSection(ProjectConfigurationPlatforms) = postSolution
		{279CDC2A-A68F-4433-B5A9-E907E92693B2}.Debug|Any CPU.ActiveCfg = Debug|Any CPU
		{279CDC2A-A68F-4433-B5A9-E907E92693B2}.Debug|Any CPU.Build.0 = Debug|Any CPU
		{279CDC2A-A68F-4433-B5A9-E907E92693B2}.Release|Any CPU.ActiveCfg = Release|Any CPU
		{279CDC2A-A68F-4433-B5A9-E907E92693B2}.Release|Any CPU.Build.0 = Release|Any CPU
	EndGlobalSection
	GlobalSection(SolutionProperties) = preSolution
		HideSolutionNode = FALSE
	EndGlobalSection
	GlobalSection(ExtensibilityGlobals) = postSolution
		SolutionGuid = {E6E0026D-FB37-4A7D-9FD2-06AFA6159025}
	EndGlobalSection
EndGlobal
